
Microsoft Visual Studio Solution File, Format Version 12.00
# Visual Studio Version 16
VisualStudioVersion = 16.0.31025.194
MinimumVisualStudioVersion = 10.0.40219.1
Project("{FAE04EC0-301F-11D3-BF4B-00C04F79EFBC}") = "ACMEIndustriesHR.API", "ACMEIndustriesHR.API\ACMEIndustriesHR.API.csproj", "{93868F6D-0CBE-45BE-B0E8-A420A14BC24D}"
EndProject
Project("{FAE04EC0-301F-11D3-BF4B-00C04F79EFBC}") = "ACMEIndustriesHR.API.Tests", "ACMEIndustriesHR.API.Tests\ACMEIndustriesHR.API.Tests.csproj", "{CA900315-C5CB-4EE4-857E-1EAF1569E67C}"
EndProject
Global
	GlobalSection(SolutionConfigurationPlatforms) = preSolution
		Debug|Any CPU = Debug|Any CPU
		Release|Any CPU = Release|Any CPU
	EndGlobalSection
	GlobalSection(ProjectConfigurationPlatforms) = postSolution
		{93868F6D-0CBE-45BE-B0E8-A420A14BC24D}.Debug|Any CPU.ActiveCfg = Debug|Any CPU
		{93868F6D-0CBE-45BE-B0E8-A420A14BC24D}.Debug|Any CPU.Build.0 = Debug|Any CPU
		{93868F6D-0CBE-45BE-B0E8-A420A14BC24D}.Release|Any CPU.ActiveCfg = Release|Any CPU
		{93868F6D-0CBE-45BE-B0E8-A420A14BC24D}.Release|Any CPU.Build.0 = Release|Any CPU
		{CA900315-C5CB-4EE4-857E-1EAF1569E67C}.Debug|Any CPU.ActiveCfg = Debug|Any CPU
		{CA900315-C5CB-4EE4-857E-1EAF1569E67C}.Debug|Any CPU.Build.0 = Debug|Any CPU
		{CA900315-C5CB-4EE4-857E-1EAF1569E67C}.Release|Any CPU.ActiveCfg = Release|Any CPU
		{CA900315-C5CB-4EE4-857E-1EAF1569E67C}.Release|Any CPU.Build.0 = Release|Any CPU
	EndGlobalSection
	GlobalSection(SolutionProperties) = preSolution
		HideSolutionNode = FALSE
	EndGlobalSection
	GlobalSection(ExtensibilityGlobals) = postSolution
		SolutionGuid = {0116B477-6CFB-4BD2-9F9D-9ECC4D0AE28C}
	EndGlobalSection
EndGlobal
